
Microsoft Visual Studio Solution File, Format Version 12.00
# Visual Studio Version 16
VisualStudioVersion = 16.0.30611.23
MinimumVisualStudioVersion = 10.0.40219.1
Project("{8BC9CEB8-8B4A-11D0-8D11-00A0C91BC942}") = "src", "src\src.vcxproj", "{2FCDD88B-649C-4B73-9CA8-A6574A49896B}"
	ProjectSection(ProjectDependencies) = postProject
		{F9DD1E10-9B78-4A02-8946-38D7DA695B25} = {F9DD1E10-9B78-4A02-8946-38D7DA695B25}
	EndProjectSection
EndProject
Project("{8BC9CEB8-8B4A-11D0-8D11-00A0C91BC942}") = "StaticLib", "StaticLib\StaticLib.vcxproj", "{F9DD1E10-9B78-4A02-8946-38D7DA695B25}"
EndProject
Global
	GlobalSection(SolutionConfigurationPlatforms) = preSolution
		Debug|x64 = Debug|x64
		Debug|x86 = Debug|x86
		Release|x64 = Release|x64
		Release|x86 = Release|x86
	EndGlobalSection
	GlobalSection(ProjectConfigurationPlatforms) = postSolution
		{2FCDD88B-649C-4B73-9CA8-A6574A49896B}.Debug|x64.ActiveCfg = Debug|x64
		{2FCDD88B-649C-4B73-9CA8-A6574A49896B}.Debug|x64.Build.0 = Debug|x64
		{2FCDD88B-649C-4B73-9CA8-A6574A49896B}.Debug|x86.ActiveCfg = Debug|Win32
		{2FCDD88B-649C-4B73-9CA8-A6574A49896B}.Debug|x86.Build.0 = Debug|Win32
		{2FCDD88B-649C-4B73-9CA8-A6574A49896B}.Release|x64.ActiveCfg = Release|x64
		{2FCDD88B-649C-4B73-9CA8-A6574A49896B}.Release|x64.Build.0 = Release|x64
		{2FCDD88B-649C-4B73-9CA8-A6574A49896B}.Release|x86.ActiveCfg = Release|Win32
		{2FCDD88B-649C-4B73-9CA8-A6574A49896B}.Release|x86.Build.0 = Release|Win32
		{F9DD1E10-9B78-4A02-8946-38D7DA695B25}.Debug|x64.ActiveCfg = Debug|x64
		{F9DD1E10-9B78-4A02-8946-38D7DA695B25}.Debug|x64.Build.0 = Debug|x64
		{F9DD1E10-9B78-4A02-8946-38D7DA695B25}.Debug|x86.ActiveCfg = Debug|Win32
		{F9DD1E10-9B78-4A02-8946-38D7DA695B25}.Debug|x86.Build.0 = Debug|Win32
		{F9DD1E10-9B78-4A02-8946-38D7DA695B25}.Release|x64.ActiveCfg = Release|x64
		{F9DD1E10-9B78-4A02-8946-38D7DA695B25}.Release|x64.Build.0 = Release|x64
		{F9DD1E10-9B78-4A02-8946-38D7DA695B25}.Release|x86.ActiveCfg = Release|Win32
		{F9DD1E10-9B78-4A02-8946-38D7DA695B25}.Release|x86.Build.0 = Release|Win32
	EndGlobalSection
	GlobalSection(SolutionProperties) = preSolution
		HideSolutionNode = FALSE
	EndGlobalSection
	GlobalSection(ExtensibilityGlobals) = postSolution
		SolutionGuid = {44B8D1F2-7844-4D91-A83D-AEC32041B462}
	EndGlobalSection
EndGlobal
